{
  "name": "redziu-chat-client",
  "version": "1.0.0",
  "lockfileVersion": 3,
  "requires": true,
  "packages": {
    "": {
      "name": "redziu-chat-client",
      "version": "1.0.0",
      "license": "ISC",
      "dependencies": {
        "alert-sound-notify": "^0.0.8",
        "fs": "^0.0.1-security",
        "ws": "^8.13.0",
        "yaml": "^2.2.1"
      }
    },
    "node_modules/alert-sound-notify": {
      "version": "0.0.8",
      "resolved": "https://registry.npmjs.org/alert-sound-notify/-/alert-sound-notify-0.0.8.tgz",
      "integrity": "sha512-jTPMPyS6uU0LYQjZ45Rw0RCslvCtvf/LUvDkfnOK1iTO6flPSbtDRxYzIUd2wuZWASvWn8dwyhhZ3ZdUFSR5lw==",
      "dependencies": {
        "play-audio-notify": "~0.0.3"
      }
    },
    "node_modules/domify": {
      "version": "1.0.0",
      "resolved": "https://registry.npmjs.org/domify/-/domify-1.0.0.tgz",
      "integrity": "sha512-ZWKN3mTu4yHSfU3puatGVyT5jNglmC6O8G1x8AAPcdkTQ6ibufkKwZPEYK36nv4aMR+1VHjrAWDM1XwgJNosxg=="
    },
    "node_modules/fs": {
      "version": "0.0.1-security",
      "resolved": "https://registry.npmjs.org/fs/-/fs-0.0.1-security.tgz",
      "integrity": "sha512-3XY9e1pP0CVEUCdj5BmfIZxRBTSDycnbqhIOGec9QYtmVH2fbLpj86CFWkrNOkt/Fvty4KZG5lTglL9j/gJ87w=="
    },
    "node_modules/new-chain-notify": {
      "version": "0.0.1",
      "resolved": "https://registry.npmjs.org/new-chain-notify/-/new-chain-notify-0.0.1.tgz",
      "integrity": "sha512-awXwhUwftHIYOEg5zCelTAWdAqVsNv1uRuik8CiYSXS1fM3+7Tmnpk57PCHhBCk7lhpVDhmtq3qHrLhlEILxcQ=="
    },
    "node_modules/play-audio-notify": {
      "version": "0.0.3",
      "resolved": "https://registry.npmjs.org/play-audio-notify/-/play-audio-notify-0.0.3.tgz",
      "integrity": "sha512-FZXVp6NcOVJXEsyXWhxyow1cOKtmufODt8ijDfhbKjFTgOlQxCLcKulq8D+2fbnCqsyA/H3CEY+QEcOHK2nfFg==",
      "dependencies": {
        "domify": "~1.0.0",
        "new-chain-notify": "~0.0.1"
      }
    },
    "node_modules/ws": {
      "version": "8.13.0",
      "resolved": "https://registry.npmjs.org/ws/-/ws-8.13.0.tgz",
      "integrity": "sha512-x9vcZYTrFPC7aSIbj7sRCYo7L/Xb8Iy+pW0ng0wt2vCJv7M9HOMy0UoN3rr+IFC7hb7vXoqS+P9ktyLLLhO+LA==",
      "engines": {
        "node": ">=10.0.0"
      },
      "peerDependencies": {
        "bufferutil": "^4.0.1",
        "utf-8-validate": ">=5.0.2"
      },
      "peerDependenciesMeta": {
        "bufferutil": {
          "optional": true
        },
        "utf-8-validate": {
          "optional": true
        }
      }
    },
    "node_modules/yaml": {
      "version": "2.2.1",
      "resolved": "https://registry.npmjs.org/yaml/-/yaml-2.2.1.tgz",
      "integrity": "sha512-e0WHiYql7+9wr4cWMx3TVQrNwejKaEe7/rHNmQmqRjazfOP5W8PB6Jpebb5o6fIapbz9o9+2ipcaTM2ZwDI6lw==",
      "engines": {
        "node": ">= 14"
      }
    }
  }
}
